uuid: b392afa9-133b-498b-926a-5c1d8507aeac
langcode: en
status: false
dependencies: {  }
active_version: 0751f06b6a698c92
versioned_properties:
  active:
    settings:
      default_settings:
        id: local_tasks_block
        label: Tabbladen
        label_display: '0'
        provider: core
        primary: true
        secondary: true
    fallback_metadata:
      slot_definitions: null
  429966cebad152ba:
    settings:
      default_settings:
        id: local_tasks_block
        label: Tabs
        label_display: '0'
        provider: core
        primary: true
        secondary: true
    fallback_metadata:
      slot_definitions: null
label: Tabbladen
id: block.local_tasks_block
provider: core
source: block
source_local_id: local_tasks_block
